
Microsoft Visual Studio Solution File, Format Version 12.00
Project("{FAE04EC0-301F-11D3-BF4B-00C04F79EFBC}") = "WebApplication0", "WebApplication0\WebApplication0.csproj", "{12763060-BD57-4143-AD71-BF6C0745F116}"
EndProject
Global
	GlobalSection(SolutionConfigurationPlatforms) = preSolution
		Debug|Any CPU = Debug|Any CPU
		Release|Any CPU = Release|Any CPU
	EndGlobalSection
	GlobalSection(ProjectConfigurationPlatforms) = postSolution
		{12763060-BD57-4143-AD71-BF6C0745F116}.Debug|Any CPU.ActiveCfg = Debug|Any CPU
		{12763060-BD57-4143-AD71-BF6C0745F116}.Debug|Any CPU.Build.0 = Debug|Any CPU
		{12763060-BD57-4143-AD71-BF6C0745F116}.Release|Any CPU.ActiveCfg = Release|Any CPU
		{12763060-BD57-4143-AD71-BF6C0745F116}.Release|Any CPU.Build.0 = Release|Any CPU
	EndGlobalSection
EndGlobal
